// !$*UTF8*$!
{
	archiveVersion = 1;
	classes = {
	};
	objectVersion = 51;
	objects = {

/* Begin PBXBuildFile section */
		97C976E4C8A1818CF4D80A9C /* Pods_Kirei.framework in Frameworks */ = {isa = PBXBuildFile; fileRef = A0557337E49CDDCBDB4825F1 /* Pods_Kirei.framework */; };
		A705ABDD250778F4009D1AA4 /* AppDelegate.swift in Sources */ = {isa = PBXBuildFile; fileRef = A705ABDC250778F4009D1AA4 /* AppDelegate.swift */; };
		A705ABDF250778F4009D1AA4 /* SceneDelegate.swift in Sources */ = {isa = PBXBuildFile; fileRef = A705ABDE250778F4009D1AA4 /* SceneDelegate.swift */; };
		A705ABE1250778F4009D1AA4 /* ViewController.swift in Sources */ = {isa = PBXBuildFile; fileRef = A705ABE0250778F4009D1AA4 /* ViewController.swift */; };
		A705ABE4250778F4009D1AA4 /* Main.storyboard in Resources */ = {isa = PBXBuildFile; fileRef = A705ABE2250778F4009D1AA4 /* Main.storyboard */; };
		A705ABE6250778F7009D1AA4 /* Assets.xcassets in Resources */ = {isa = PBXBuildFile; fileRef = A705ABE5250778F7009D1AA4 /* Assets.xcassets */; };
		A705ABE9250778F7009D1AA4 /* LaunchScreen.storyboard in Resources */ = {isa = PBXBuildFile; fileRef = A705ABE7250778F7009D1AA4 /* LaunchScreen.storyboard */; };
		A705ABF325077A2A009D1AA4 /* LoginViewController.swift in Sources */ = {isa = PBXBuildFile; fileRef = A705ABF225077A2A009D1AA4 /* LoginViewController.swift */; };
		A705ABF525077A44009D1AA4 /* HomeViewController.swift in Sources */ = {isa = PBXBuildFile; fileRef = A705ABF425077A44009D1AA4 /* HomeViewController.swift */; };
		A705ABF725077A9D009D1AA4 /* UseViewController.swift in Sources */ = {isa = PBXBuildFile; fileRef = A705ABF625077A9D009D1AA4 /* UseViewController.swift */; };
		A705ABF925077ABD009D1AA4 /* FeeViewController.swift in Sources */ = {isa = PBXBuildFile; fileRef = A705ABF825077ABD009D1AA4 /* FeeViewController.swift */; };
		A705ABFB25077ADF009D1AA4 /* QuizViewController.swift in Sources */ = {isa = PBXBuildFile; fileRef = A705ABFA25077ADF009D1AA4 /* QuizViewController.swift */; };
		A705ABFD25077AFC009D1AA4 /* SettingViewController.swift in Sources */ = {isa = PBXBuildFile; fileRef = A705ABFC25077AFC009D1AA4 /* SettingViewController.swift */; };
		A75279D02507A5A600EAE279 /* TabBarController.swift in Sources */ = {isa = PBXBuildFile; fileRef = A75279CF2507A5A600EAE279 /* TabBarController.swift */; };
/* End PBXBuildFile section */

/* Begin PBXFileReference section */
		7CE5982B918E72EE03EE9B40 /* Pods-Kirei.release.xcconfig */ = {isa = PBXFileReference; includeInIndex = 1; lastKnownFileType = text.xcconfig; name = "Pods-Kirei.release.xcconfig"; path = "Target Support Files/Pods-Kirei/Pods-Kirei.release.xcconfig"; sourceTree = "<group>"; };
		9E32AACD063BA3D99914E823 /* Pods-Kirei.debug.xcconfig */ = {isa = PBXFileReference; includeInIndex = 1; lastKnownFileType = text.xcconfig; name = "Pods-Kirei.debug.xcconfig"; path = "Target Support Files/Pods-Kirei/Pods-Kirei.debug.xcconfig"; sourceTree = "<group>"; };
		A0557337E49CDDCBDB4825F1 /* Pods_Kirei.framework */ = {isa = PBXFileReference; explicitFileType = wrapper.framework; includeInIndex = 0; path = Pods_Kirei.framework; sourceTree = BUILT_PRODUCTS_DIR; };
		A705ABD9250778F4009D1AA4 /* Kirei.app */ = {isa = PBXFileReference; explicitFileType = wrapper.application; includeInIndex = 0; path = Kirei.app; sourceTree = BUILT_PRODUCTS_DIR; };
		A705ABDC250778F4009D1AA4 /* AppDelegate.swift */ = {isa = PBXFileReference; lastKnownFileType = sourcecode.swift; path = AppDelegate.swift; sourceTree = "<group>"; };
		A705ABDE250778F4009D1AA4 /* SceneDelegate.swift */ = {isa = PBXFileReference; lastKnownFileType = sourcecode.swift; path = SceneDelegate.swift; sourceTree = "<group>"; };
		A705ABE0250778F4009D1AA4 /* ViewController.swift */ = {isa = PBXFileReference; lastKnownFileType = sourcecode.swift; path = ViewController.swift; sourceTree = "<group>"; };
		A705ABE3250778F4009D1AA4 /* Base */ = {isa = PBXFileReference; lastKnownFileType = file.storyboard; name = Base; path = Base.lproj/Main.storyboard; sourceTree = "<group>"; };
		A705ABE5250778F7009D1AA4 /* Assets.xcassets */ = {isa = PBXFileReference; lastKnownFileType = folder.assetcatalog; path = Assets.xcassets; sourceTree = "<group>"; };
		A705ABE8250778F7009D1AA4 /* Base */ = {isa = PBXFileReference; lastKnownFileType = file.storyboard; name = Base; path = Base.lproj/LaunchScreen.storyboard; sourceTree = "<group>"; };
		A705ABEA250778F7009D1AA4 /* Info.plist */ = {isa = PBXFileReference; lastKnownFileType = text.plist.xml; path = Info.plist; sourceTree = "<group>"; };
		A705ABF225077A2A009D1AA4 /* LoginViewController.swift */ = {isa = PBXFileReference; lastKnownFileType = sourcecode.swift; path = LoginViewController.swift; sourceTree = "<group>"; };
		A705ABF425077A44009D1AA4 /* HomeViewController.swift */ = {isa = PBXFileReference; lastKnownFileType = sourcecode.swift; path = HomeViewController.swift; sourceTree = "<group>"; };
		A705ABF625077A9D009D1AA4 /* UseViewController.swift */ = {isa = PBXFileReference; lastKnownFileType = sourcecode.swift; path = UseViewController.swift; sourceTree = "<group>"; };
		A705ABF825077ABD009D1AA4 /* FeeViewController.swift */ = {isa = PBXFileReference; lastKnownFileType = sourcecode.swift; path = FeeViewController.swift; sourceTree = "<group>"; };
		A705ABFA25077ADF009D1AA4 /* QuizViewController.swift */ = {isa = PBXFileReference; lastKnownFileType = sourcecode.swift; path = QuizViewController.swift; sourceTree = "<group>"; };
		A705ABFC25077AFC009D1AA4 /* SettingViewController.swift */ = {isa = PBXFileReference; lastKnownFileType = sourcecode.swift; path = SettingViewController.swift; sourceTree = "<group>"; };
		A75279CF2507A5A600EAE279 /* TabBarController.swift */ = {isa = PBXFileReference; lastKnownFileType = sourcecode.swift; path = TabBarController.swift; sourceTree = "<group>"; };
/* End PBXFileReference section */

/* Begin PBXFrameworksBuildPhase section */
		A705ABD6250778F4009D1AA4 /* Frameworks */ = {
			isa = PBXFrameworksBuildPhase;
			buildActionMask = 2147483647;
			files = (
				97C976E4C8A1818CF4D80A9C /* Pods_Kirei.framework in Frameworks */,
			);
			runOnlyForDeploymentPostprocessing = 0;
		};
/* End PBXFrameworksBuildPhase section */

/* Begin PBXGroup section */
		A705ABD0250778F4009D1AA4 = {
			isa = PBXGroup;
			children = (
				A705ABDB250778F4009D1AA4 /* Kirei */,
				A705ABDA250778F4009D1AA4 /* Products */,
				C251357AB5179ACA72DC5689 /* Pods */,
				DFDC24463AB25A92F7BC6DAD /* Frameworks */,
			);
			sourceTree = "<group>";
		};
		A705ABDA250778F4009D1AA4 /* Products */ = {
			isa = PBXGroup;
			children = (
				A705ABD9250778F4009D1AA4 /* Kirei.app */,
			);
			name = Products;
			sourceTree = "<group>";
		};
		A705ABDB250778F4009D1AA4 /* Kirei */ = {
			isa = PBXGroup;
			children = (
				A705ABDC250778F4009D1AA4 /* AppDelegate.swift */,
				A705ABDE250778F4009D1AA4 /* SceneDelegate.swift */,
				A705ABE0250778F4009D1AA4 /* ViewController.swift */,
				A75279CF2507A5A600EAE279 /* TabBarController.swift */,
				A705ABF225077A2A009D1AA4 /* LoginViewController.swift */,
				A705ABF425077A44009D1AA4 /* HomeViewController.swift */,
				A705ABF625077A9D009D1AA4 /* UseViewController.swift */,
				A705ABF825077ABD009D1AA4 /* FeeViewController.swift */,
				A705ABFA25077ADF009D1AA4 /* QuizViewController.swift */,
				A705ABFC25077AFC009D1AA4 /* SettingViewController.swift */,
				A705ABE2250778F4009D1AA4 /* Main.storyboard */,
				A705ABE5250778F7009D1AA4 /* Assets.xcassets */,
				A705ABE7250778F7009D1AA4 /* LaunchScreen.storyboard */,
				A705ABEA250778F7009D1AA4 /* Info.plist */,
			);
			path = Kirei;
			sourceTree = "<group>";
		};
		C251357AB5179ACA72DC5689 /* Pods */ = {
			isa = PBXGroup;
			children = (
				9E32AACD063BA3D99914E823 /* Pods-Kirei.debug.xcconfig */,
				7CE5982B918E72EE03EE9B40 /* Pods-Kirei.release.xcconfig */,
			);
			path = Pods;
			sourceTree = "<group>";
		};
		DFDC24463AB25A92F7BC6DAD /* Frameworks */ = {
			isa = PBXGroup;
			children = (
				A0557337E49CDDCBDB4825F1 /* Pods_Kirei.framework */,
			);
			name = Frameworks;
			sourceTree = "<group>";
		};
/* End PBXGroup section */

/* Begin PBXNativeTarget section */
		A705ABD8250778F4009D1AA4 /* Kirei */ = {
			isa = PBXNativeTarget;
			buildConfigurationList = A705ABED250778F7009D1AA4 /* Build configuration list for PBXNativeTarget "Kirei" */;
			buildPhases = (
				CC26AB350FF76531CD221F6A /* [CP] Check Pods Manifest.lock */,
				A705ABD5250778F4009D1AA4 /* Sources */,
				A705ABD6250778F4009D1AA4 /* Frameworks */,
				A705ABD7250778F4009D1AA4 /* Resources */,
				64F5278A4ABC1CA178B4C311 /* [CP] Embed Pods Frameworks */,
			);
			buildRules = (
			);
			dependencies = (
			);
			name = Kirei;
			productName = Kirei;
			productReference = A705ABD9250778F4009D1AA4 /* Kirei.app */;
			productType = "com.apple.product-type.application";
		};
/* End PBXNativeTarget section */

/* Begin PBXProject section */
		A705ABD1250778F4009D1AA4 /* Project object */ = {
			isa = PBXProject;
			attributes = {
				LastSwiftUpdateCheck = 1110;
				LastUpgradeCheck = 1110;
				ORGANIZATIONNAME = 0003.kaori;
				TargetAttributes = {
					A705ABD8250778F4009D1AA4 = {
						CreatedOnToolsVersion = 11.1;
					};
				};
			};
			buildConfigurationList = A705ABD4250778F4009D1AA4 /* Build configuration list for PBXProject "Kirei" */;
			compatibilityVersion = "Xcode 9.3";
			developmentRegion = en;
			hasScannedForEncodings = 0;
			knownRegions = (
				en,
				Base,
			);
			mainGroup = A705ABD0250778F4009D1AA4;
			productRefGroup = A705ABDA250778F4009D1AA4 /* Products */;
			projectDirPath = "";
			projectRoot = "";
			targets = (
				A705ABD8250778F4009D1AA4 /* Kirei */,
			);
		};
/* End PBXProject section */

/* Begin PBXResourcesBuildPhase section */
		A705ABD7250778F4009D1AA4 /* Resources */ = {
			isa = PBXResourcesBuildPhase;
			buildActionMask = 2147483647;
			files = (
				A705ABE9250778F7009D1AA4 /* LaunchScreen.storyboard in Resources */,
				A705ABE6250778F7009D1AA4 /* Assets.xcassets in Resources */,
				A705ABE4250778F4009D1AA4 /* Main.storyboard in Resources */,
			);
			runOnlyForDeploymentPostprocessing = 0;
		};
/* End PBXResourcesBuildPhase section */

/* Begin PBXShellScriptBuildPhase section */
		64F5278A4ABC1CA178B4C311 /* [CP] Embed Pods Frameworks */ = {
			isa = PBXShellScriptBuildPhase;
			buildActionMask = 2147483647;
			files = (
			);
			inputFileListPaths = (
				"${PODS_ROOT}/Target Support Files/Pods-Kirei/Pods-Kirei-frameworks-${CONFIGURATION}-input-files.xcfilelist",
			);
			name = "[CP] Embed Pods Frameworks";
			outputFileListPaths = (
				"${PODS_ROOT}/Target Support Files/Pods-Kirei/Pods-Kirei-frameworks-${CONFIGURATION}-output-files.xcfilelist",
			);
			runOnlyForDeploymentPostprocessing = 0;
			shellPath = /bin/sh;
			shellScript = "\"${PODS_ROOT}/Target Support Files/Pods-Kirei/Pods-Kirei-frameworks.sh\"\n";
			showEnvVarsInLog = 0;
		};
		CC26AB350FF76531CD221F6A /* [CP] Check Pods Manifest.lock */ = {
			isa = PBXShellScriptBuildPhase;
			buildActionMask = 2147483647;
			files = (
			);
			inputFileListPaths = (
			);
			inputPaths = (
				"${PODS_PODFILE_DIR_PATH}/Podfile.lock",
				"${PODS_ROOT}/Manifest.lock",
			);
			name = "[CP] Check Pods Manifest.lock";
			outputFileListPaths = (
			);
			outputPaths = (
				"$(DERIVED_FILE_DIR)/Pods-Kirei-checkManifestLockResult.txt",
			);
			runOnlyForDeploymentPostprocessing = 0;
			shellPath = /bin/sh;
			shellScript = "diff \"${PODS_PODFILE_DIR_PATH}/Podfile.lock\" \"${PODS_ROOT}/Manifest.lock\" > /dev/null\nif [ $? != 0 ] ; then\n    # print error to STDERR\n    echo \"error: The sandbox is not in sync with the Podfile.lock. Run 'pod install' or update your CocoaPods installation.\" >&2\n    exit 1\nfi\n# This output is used by Xcode 'outputs' to avoid re-running this script phase.\necho \"SUCCESS\" > \"${SCRIPT_OUTPUT_FILE_0}\"\n";
			showEnvVarsInLog = 0;
		};
/* End PBXShellScriptBuildPhase section */

/* Begin PBXSourcesBuildPhase section */
		A705ABD5250778F4009D1AA4 /* Sources */ = {
			isa = PBXSourcesBuildPhase;
			buildActionMask = 2147483647;
			files = (
				A705ABF525077A44009D1AA4 /* HomeViewController.swift in Sources */,
				A705ABF325077A2A009D1AA4 /* LoginViewController.swift in Sources */,
				A705ABE1250778F4009D1AA4 /* ViewController.swift in Sources */,
				A75279D02507A5A600EAE279 /* TabBarController.swift in Sources */,
				A705ABFB25077ADF009D1AA4 /* QuizViewController.swift in Sources */,
				A705ABDD250778F4009D1AA4 /* AppDelegate.swift in Sources */,
				A705ABFD25077AFC009D1AA4 /* SettingViewController.swift in Sources */,
				A705ABF725077A9D009D1AA4 /* UseViewController.swift in Sources */,
				A705ABDF250778F4009D1AA4 /* SceneDelegate.swift in Sources */,
				A705ABF925077ABD009D1AA4 /* FeeViewController.swift in Sources */,
			);
			runOnlyForDeploymentPostprocessing = 0;
		};
/* End PBXSourcesBuildPhase section */

/* Begin PBXVariantGroup section */
		A705ABE2250778F4009D1AA4 /* Main.storyboard */ = {
			isa = PBXVariantGroup;
			children = (
				A705ABE3250778F4009D1AA4 /* Base */,
			);
			name = Main.storyboard;
			sourceTree = "<group>";
		};
		A705ABE7250778F7009D1AA4 /* LaunchScreen.storyboard */ = {
			isa = PBXVariantGroup;
			children = (
				A705ABE8250778F7009D1AA4 /* Base */,
			);
			name = LaunchScreen.storyboard;
			sourceTree = "<group>";
		};
/* End PBXVariantGroup section */

/* Begin XCBuildConfiguration section */
		A705ABEB250778F7009D1AA4 /* Debug */ = {
			isa = XCBuildConfiguration;
			buildSettings = {
				ALWAYS_SEARCH_USER_PATHS = NO;
				CLANG_ANALYZER_NONNULL = YES;
				CLANG_ANALYZER_NUMBER_OBJECT_CONVERSION = YES_AGGRESSIVE;
				CLANG_CXX_LANGUAGE_STANDARD = "gnu++14";
				CLANG_CXX_LIBRARY = "libc++";
				CLANG_ENABLE_MODULES = YES;
				CLANG_ENABLE_OBJC_ARC = YES;
				CLANG_ENABLE_OBJC_WEAK = YES;
				CLANG_WARN_BLOCK_CAPTURE_AUTORELEASING = YES;
				CLANG_WARN_BOOL_CONVERSION = YES;
				CLANG_WARN_COMMA = YES;
				CLANG_WARN_CONSTANT_CONVERSION = YES;
				CLANG_WARN_DEPRECATED_OBJC_IMPLEMENTATIONS = YES;
				CLANG_WARN_DIRECT_OBJC_ISA_USAGE = YES_ERROR;
				CLANG_WARN_DOCUMENTATION_COMMENTS = YES;
				CLANG_WARN_EMPTY_BODY = YES;
				CLANG_WARN_ENUM_CONVERSION = YES;
				CLANG_WARN_INFINITE_RECURSION = YES;
				CLANG_WARN_INT_CONVERSION = YES;
				CLANG_WARN_NON_LITERAL_NULL_CONVERSION = YES;
				CLANG_WARN_OBJC_IMPLICIT_RETAIN_SELF = YES;
				CLANG_WARN_OBJC_LITERAL_CONVERSION = YES;
				CLANG_WARN_OBJC_ROOT_CLASS = YES_ERROR;
				CLANG_WARN_RANGE_LOOP_ANALYSIS = YES;
				CLANG_WARN_STRICT_PROTOTYPES = YES;
				CLANG_WARN_SUSPICIOUS_MOVE = YES;
				CLANG_WARN_UNGUARDED_AVAILABILITY = YES_AGGRESSIVE;
				CLANG_WARN_UNREACHABLE_CODE = YES;
				CLANG_WARN__DUPLICATE_METHOD_MATCH = YES;
				COPY_PHASE_STRIP = NO;
				DEBUG_INFORMATION_FORMAT = dwarf;
				ENABLE_STRICT_OBJC_MSGSEND = YES;
				ENABLE_TESTABILITY = YES;
				GCC_C_LANGUAGE_STANDARD = gnu11;
				GCC_DYNAMIC_NO_PIC = NO;
				GCC_NO_COMMON_BLOCKS = YES;
				GCC_OPTIMIZATION_LEVEL = 0;
				GCC_PREPROCESSOR_DEFINITIONS = (
					"DEBUG=1",
					"$(inherited)",
				);
				GCC_WARN_64_TO_32_BIT_CONVERSION = YES;
				GCC_WARN_ABOUT_RETURN_TYPE = YES_ERROR;
				GCC_WARN_UNDECLARED_SELECTOR = YES;
				GCC_WARN_UNINITIALIZED_AUTOS = YES_AGGRESSIVE;
				GCC_WARN_UNUSED_FUNCTION = YES;
				GCC_WARN_UNUSED_VARIABLE = YES;
				IPHONEOS_DEPLOYMENT_TARGET = 13.1;
				MTL_ENABLE_DEBUG_INFO = INCLUDE_SOURCE;
				MTL_FAST_MATH = YES;
				ONLY_ACTIVE_ARCH = YES;
				SDKROOT = iphoneos;
				SWIFT_ACTIVE_COMPILATION_CONDITIONS = DEBUG;
				SWIFT_OPTIMIZATION_LEVEL = "-Onone";
			};
			name = Debug;
		};
		A705ABEC250778F7009D1AA4 /* Release */ = {
			isa = XCBuildConfiguration;
			buildSettings = {
				ALWAYS_SEARCH_USER_PATHS = NO;
				CLANG_ANALYZER_NONNULL = YES;
				CLANG_ANALYZER_NUMBER_OBJECT_CONVERSION = YES_AGGRESSIVE;
				CLANG_CXX_LANGUAGE_STANDARD = "gnu++14";
				CLANG_CXX_LIBRARY = "libc++";
				CLANG_ENABLE_MODULES = YES;
				CLANG_ENABLE_OBJC_ARC = YES;
				CLANG_ENABLE_OBJC_WEAK = YES;
				CLANG_WARN_BLOCK_CAPTURE_AUTORELEASING = YES;
				CLANG_WARN_BOOL_CONVERSION = YES;
				CLANG_WARN_COMMA = YES;
				CLANG_WARN_CONSTANT_CONVERSION = YES;
				CLANG_WARN_DEPRECATED_OBJC_IMPLEMENTATIONS = YES;
				CLANG_WARN_DIRECT_OBJC_ISA_USAGE = YES_ERROR;
				CLANG_WARN_DOCUMENTATION_COMMENTS = YES;
				CLANG_WARN_EMPTY_BODY = YES;
				CLANG_WARN_ENUM_CONVERSION = YES;
				CLANG_WARN_INFINITE_RECURSION = YES;
				CLANG_WARN_INT_CONVERSION = YES;
				CLANG_WARN_NON_LITERAL_NULL_CONVERSION = YES;
				CLANG_WARN_OBJC_IMPLICIT_RETAIN_SELF = YES;
				CLANG_WARN_OBJC_LITERAL_CONVERSION = YES;
				CLANG_WARN_OBJC_ROOT_CLASS = YES_ERROR;
				CLANG_WARN_RANGE_LOOP_ANALYSIS = YES;
				CLANG_WARN_STRICT_PROTOTYPES = YES;
				CLANG_WARN_SUSPICIOUS_MOVE = YES;
				CLANG_WARN_UNGUARDED_AVAILABILITY = YES_AGGRESSIVE;
				CLANG_WARN_UNREACHABLE_CODE = YES;
				CLANG_WARN__DUPLICATE_METHOD_MATCH = YES;
				COPY_PHASE_STRIP = NO;
				DEBUG_INFORMATION_FORMAT = "dwarf-with-dsym";
				ENABLE_NS_ASSERTIONS = NO;
				ENABLE_STRICT_OBJC_MSGSEND = YES;
				GCC_C_LANGUAGE_STANDARD = gnu11;
				GCC_NO_COMMON_BLOCKS = YES;
				GCC_WARN_64_TO_32_BIT_CONVERSION = YES;
				GCC_WARN_ABOUT_RETURN_TYPE = YES_ERROR;
				GCC_WARN_UNDECLARED_SELECTOR = YES;
				GCC_WARN_UNINITIALIZED_AUTOS = YES_AGGRESSIVE;
				GCC_WARN_UNUSED_FUNCTION = YES;
				GCC_WARN_UNUSED_VARIABLE = YES;
				IPHONEOS_DEPLOYMENT_TARGET = 13.1;
				MTL_ENABLE_DEBUG_INFO = NO;
				MTL_FAST_MATH = YES;
				SDKROOT = iphoneos;
				SWIFT_COMPILATION_MODE = wholemodule;
				SWIFT_OPTIMIZATION_LEVEL = "-O";
				VALIDATE_PRODUCT = YES;
			};
			name = Release;
		};
		A705ABEE250778F7009D1AA4 /* Debug */ = {
			isa = XCBuildConfiguration;
			baseConfigurationReference = 9E32AACD063BA3D99914E823 /* Pods-Kirei.debug.xcconfig */;
			buildSettings = {
				ASSETCATALOG_COMPILER_APPICON_NAME = AppIcon;
				CODE_SIGN_STYLE = Automatic;
				DEVELOPMENT_TEAM = V8VU2DW2YP;
				INFOPLIST_FILE = Kirei/Info.plist;
				LD_RUNPATH_SEARCH_PATHS = (
					"$(inherited)",
					"@executable_path/Frameworks",
				);
				PRODUCT_BUNDLE_IDENTIFIER = jp.techacademy.0003.kaori.Kirei;
				PRODUCT_NAME = "$(TARGET_NAME)";
				SWIFT_VERSION = 5.0;
				TARGETED_DEVICE_FAMILY = 1;
			};
			name = Debug;
		};
		A705ABEF250778F7009D1AA4 /* Release */ = {
			isa = XCBuildConfiguration;
			baseConfigurationReference = 7CE5982B918E72EE03EE9B40 /* Pods-Kirei.release.xcconfig */;
			buildSettings = {
				ASSETCATALOG_COMPILER_APPICON_NAME = AppIcon;
				CODE_SIGN_STYLE = Automatic;
				DEVELOPMENT_TEAM = V8VU2DW2YP;
				INFOPLIST_FILE = Kirei/Info.plist;
				LD_RUNPATH_SEARCH_PATHS = (
					"$(inherited)",
					"@executable_path/Frameworks",
				);
				PRODUCT_BUNDLE_IDENTIFIER = jp.techacademy.0003.kaori.Kirei;
				PRODUCT_NAME = "$(TARGET_NAME)";
				SWIFT_VERSION = 5.0;
				TARGETED_DEVICE_FAMILY = 1;
			};
			name = Release;
		};
/* End XCBuildConfiguration section */

/* Begin XCConfigurationList section */
		A705ABD4250778F4009D1AA4 /* Build configuration list for PBXProject "Kirei" */ = {
			isa = XCConfigurationList;
			buildConfigurations = (
				A705ABEB250778F7009D1AA4 /* Debug */,
				A705ABEC250778F7009D1AA4 /* Release */,
			);
			defaultConfigurationIsVisible = 0;
			defaultConfigurationName = Release;
		};
		A705ABED250778F7009D1AA4 /* Build configuration list for PBXNativeTarget "Kirei" */ = {
			isa = XCConfigurationList;
			buildConfigurations = (
				A705ABEE250778F7009D1AA4 /* Debug */,
				A705ABEF250778F7009D1AA4 /* Release */,
			);
			defaultConfigurationIsVisible = 0;
			defaultConfigurationName = Release;
		};
/* End XCConfigurationList section */
	};
	rootObject = A705ABD1250778F4009D1AA4 /* Project object */;
}
